
Microsoft Visual Studio Solution File, Format Version 12.00
# Visual Studio 2012
Project("{2150E333-8FDC-42A3-9474-1A3956D46DE8}") = "Third-Party", "Third-Party", "{244A5908-C9AA-4A49-BBFF-AD08577BED24}"
EndProject
Project("{f2a71f9b-5d33-465a-a702-920d77279786}") = "ModManagerTpf", "TpfModManager\ModManagerTpf.fsproj", "{E550C556-AEB7-490D-9D9C-39C4B568A868}"
EndProject
Project("{FAE04EC0-301F-11D3-BF4B-00C04F79EFBC}") = "ModManagerTpf_Gui", "TpfModManager_Gui\ModManagerTpf_Gui.csproj", "{AE3E7034-2D27-4525-89F8-905E44E2AEBB}"
EndProject
Project("{f2a71f9b-5d33-465a-a702-920d77279786}") = "ModManagerTpf_Test", "TpfModManager_Test\ModManagerTpf_Test.fsproj", "{5952E163-D649-455D-BD40-5BF46EAF7269}"
EndProject
Global
	GlobalSection(SolutionConfigurationPlatforms) = preSolution
		Debug|x86 = Debug|x86
		Release|x86 = Release|x86
	EndGlobalSection
	GlobalSection(ProjectConfigurationPlatforms) = postSolution
		{E550C556-AEB7-490D-9D9C-39C4B568A868}.Debug|x86.ActiveCfg = Debug|Any CPU
		{E550C556-AEB7-490D-9D9C-39C4B568A868}.Debug|x86.Build.0 = Debug|Any CPU
		{E550C556-AEB7-490D-9D9C-39C4B568A868}.Release|x86.ActiveCfg = Release|Any CPU
		{E550C556-AEB7-490D-9D9C-39C4B568A868}.Release|x86.Build.0 = Release|Any CPU
		{AE3E7034-2D27-4525-89F8-905E44E2AEBB}.Debug|x86.ActiveCfg = Debug|x86
		{AE3E7034-2D27-4525-89F8-905E44E2AEBB}.Debug|x86.Build.0 = Debug|x86
		{AE3E7034-2D27-4525-89F8-905E44E2AEBB}.Release|x86.ActiveCfg = Release|x86
		{AE3E7034-2D27-4525-89F8-905E44E2AEBB}.Release|x86.Build.0 = Release|x86
		{5952E163-D649-455D-BD40-5BF46EAF7269}.Debug|x86.ActiveCfg = Debug|Any CPU
		{5952E163-D649-455D-BD40-5BF46EAF7269}.Debug|x86.Build.0 = Debug|Any CPU
		{5952E163-D649-455D-BD40-5BF46EAF7269}.Release|x86.ActiveCfg = Release|Any CPU
		{5952E163-D649-455D-BD40-5BF46EAF7269}.Release|x86.Build.0 = Release|Any CPU
	EndGlobalSection
	GlobalSection(NestedProjects) = preSolution
	EndGlobalSection
	GlobalSection(MonoDevelopProperties) = preSolution
		version = 0.1.0-alpha.7
	EndGlobalSection
EndGlobal
